schema: '2.0'
stages:
  data_ingestion:
    cmd: python src/data_ingestion.py
    deps:
    - path: src/data_ingestion.py
      hash: md5
      md5: 094202e7b473500ac80827756f2d5bea
      size: 3738
    params:
      params.yaml:
        data_ingestion.test_size: 0.3
    outs:
    - path: data/raw
      hash: md5
      md5: 506021b2951b5a642d0d50e6e224e825.dir
      size: 484846
      nfiles: 2
  data_preprocessing:
    cmd: python src/data_preprocessing.py
    deps:
    - path: data/raw
      hash: md5
      md5: 506021b2951b5a642d0d50e6e224e825.dir
      size: 484846
      nfiles: 2
    - path: src/data_preprocessing.py
      hash: md5
      md5: 4027b48247532e7256654f0d86e852d5
      size: 3993
    outs:
    - path: data/interim
      hash: md5
      md5: 11d78c294b5e5a7303f340d5b2acb1d2.dir
      size: 263911
      nfiles: 2
  feature_engineering:
    cmd: python src/feature_engineering.py
    deps:
    - path: data/interim
      hash: md5
      md5: 11d78c294b5e5a7303f340d5b2acb1d2.dir
      size: 263911
      nfiles: 2
    - path: src/feature_engineering.py
      hash: md5
      md5: e64b4e5d2ee6b6328d75ab87a2f1dd8b
      size: 3923
    params:
      params.yaml:
        feature_engineering.max_features: 20
    outs:
    - path: data/processed
      hash: md5
      md5: 1f69e9ce00b1ef25f11204f345a11f09.dir
      size: 489670
      nfiles: 2
  model_building:
    cmd: python src/model_building.py
    deps:
    - path: data/processed
      hash: md5
      md5: 1f69e9ce00b1ef25f11204f345a11f09.dir
      size: 489670
      nfiles: 2
    - path: src/model_building.py
      hash: md5
      md5: b85d0e6b5076b192d12c7eadc55ac23c
      size: 4529
    params:
      params.yaml:
        model_building.n_estimators: 10
        model_building.random_state: 121
    outs:
    - path: models/model.pkl
      hash: md5
      md5: 0b139b2b0c10c8d197025062c268e025
      size: 208384
  model_evaluation:
    cmd: python src/model_evaluation.py
    deps:
    - path: models/model.pkl
      hash: md5
      md5: 0b139b2b0c10c8d197025062c268e025
      size: 208384
    - path: src/model_evaluation.py
      hash: md5
      md5: de80c478e1594c22fc101ad8deda5287
      size: 4874
    outs:
    - path: reports/metrics.json
      hash: md5
      md5: db8a2580d13a7255ec37b56a5fb6c4f9
      size: 145
