schema: '2.0'
stages:
  data_ingestion:
    cmd: python src/data_ingestion.py
    deps:
    - path: src/data_ingestion.py
      hash: md5
      md5: 094202e7b473500ac80827756f2d5bea
      size: 3738
    params:
      params.yaml:
        data_ingestion.test_size: 0.15
    outs:
    - path: data/raw
      hash: md5
      md5: e0ca0360b13b8deedbf58bd1670a9a90.dir
      size: 484846
      nfiles: 2
  data_preprocessing:
    cmd: python src/data_preprocessing.py
    deps:
    - path: data/raw
      hash: md5
      md5: e0ca0360b13b8deedbf58bd1670a9a90.dir
      size: 484846
      nfiles: 2
    - path: src/data_preprocessing.py
      hash: md5
      md5: 4027b48247532e7256654f0d86e852d5
      size: 3993
    outs:
    - path: data/interim
      hash: md5
      md5: ecbb5444bc1b05a3b554ca0e1610040f.dir
      size: 260945
      nfiles: 2
  feature_engineering:
    cmd: python src/feature_engineering.py
    deps:
    - path: data/interim
      hash: md5
      md5: ecbb5444bc1b05a3b554ca0e1610040f.dir
      size: 260945
      nfiles: 2
    - path: src/feature_engineering.py
      hash: md5
      md5: e64b4e5d2ee6b6328d75ab87a2f1dd8b
      size: 3923
    params:
      params.yaml:
        feature_engineering.max_features: 45
    outs:
    - path: data/processed
      hash: md5
      md5: c916c9187f1b0fd834f149fd73870124.dir
      size: 1067259
      nfiles: 2
  model_building:
    cmd: python src/model_building.py
    deps:
    - path: data/processed
      hash: md5
      md5: c916c9187f1b0fd834f149fd73870124.dir
      size: 1067259
      nfiles: 2
    - path: src/model_building.py
      hash: md5
      md5: b85d0e6b5076b192d12c7eadc55ac23c
      size: 4529
    params:
      params.yaml:
        model_building.n_estimators: 25
        model_building.random_state: 42
    outs:
    - path: models/model.pkl
      hash: md5
      md5: d6b98a3c65593fd6f3a49d8a08a07d72
      size: 1019574
  model_evaluation:
    cmd: python src/model_evaluation.py
    deps:
    - path: models/model.pkl
      hash: md5
      md5: d6b98a3c65593fd6f3a49d8a08a07d72
      size: 1019574
    - path: src/model_evaluation.py
      hash: md5
      md5: be5695116b41a87953ca566b17e85282
      size: 3704
    outs:
    - path: reports/metrics.json
      hash: md5
      md5: 5490cfcdba9cd743cd93647055fdcce0
      size: 143
